// !$*UTF8*$!
{
	archiveVersion = 1;
	classes = {
	};
	objectVersion = 50;
	objects = {

/* Begin PBXBuildFile section */
		156840BE24C4902B0025A519 /* CloseButton.swift in Sources */ = {isa = PBXBuildFile; fileRef = 156840B924C4902B0025A519 /* CloseButton.swift */; };
		156840BF24C4902B0025A519 /* TagListView.swift in Sources */ = {isa = PBXBuildFile; fileRef = 156840BB24C4902B0025A519 /* TagListView.swift */; };
		156840C024C4902B0025A519 /* TagView.swift in Sources */ = {isa = PBXBuildFile; fileRef = 156840BC24C4902B0025A519 /* TagView.swift */; };
		156A76B224CBBEDB00B0717F /* EditViewController.swift in Sources */ = {isa = PBXBuildFile; fileRef = 156A76B024CBBEDB00B0717F /* EditViewController.swift */; };
		156A76B324CBBEDB00B0717F /* EditViewController.xib in Resources */ = {isa = PBXBuildFile; fileRef = 156A76B124CBBEDB00B0717F /* EditViewController.xib */; };
		15A0740B24C32C1400C2B2EB /* AppDelegate.swift in Sources */ = {isa = PBXBuildFile; fileRef = 15A0740A24C32C1400C2B2EB /* AppDelegate.swift */; };
		15A0740D24C32C1400C2B2EB /* SceneDelegate.swift in Sources */ = {isa = PBXBuildFile; fileRef = 15A0740C24C32C1400C2B2EB /* SceneDelegate.swift */; };
		15A0740F24C32C1400C2B2EB /* DataEntryController.swift in Sources */ = {isa = PBXBuildFile; fileRef = 15A0740E24C32C1400C2B2EB /* DataEntryController.swift */; };
		15A0741124C32C1400C2B2EB /* ChartViewController.swift in Sources */ = {isa = PBXBuildFile; fileRef = 15A0741024C32C1400C2B2EB /* ChartViewController.swift */; };
		15A0741424C32C1400C2B2EB /* Main.storyboard in Resources */ = {isa = PBXBuildFile; fileRef = 15A0741224C32C1400C2B2EB /* Main.storyboard */; };
		15A0741624C32C1600C2B2EB /* Assets.xcassets in Resources */ = {isa = PBXBuildFile; fileRef = 15A0741524C32C1600C2B2EB /* Assets.xcassets */; };
		15A0741924C32C1600C2B2EB /* LaunchScreen.storyboard in Resources */ = {isa = PBXBuildFile; fileRef = 15A0741724C32C1600C2B2EB /* LaunchScreen.storyboard */; };
		15A0742C24C32CA500C2B2EB /* FMResultSet.m in Sources */ = {isa = PBXBuildFile; fileRef = 15A0742224C32CA500C2B2EB /* FMResultSet.m */; };
		15A0742D24C32CA500C2B2EB /* FMDatabaseQueue.m in Sources */ = {isa = PBXBuildFile; fileRef = 15A0742424C32CA500C2B2EB /* FMDatabaseQueue.m */; };
		15A0742E24C32CA500C2B2EB /* FMDatabase.m in Sources */ = {isa = PBXBuildFile; fileRef = 15A0742524C32CA500C2B2EB /* FMDatabase.m */; };
		15A0742F24C32CA500C2B2EB /* FMDatabaseAdditions.m in Sources */ = {isa = PBXBuildFile; fileRef = 15A0742824C32CA500C2B2EB /* FMDatabaseAdditions.m */; };
		15A0743024C32CA500C2B2EB /* FMDatabasePool.m in Sources */ = {isa = PBXBuildFile; fileRef = 15A0742924C32CA500C2B2EB /* FMDatabasePool.m */; };
		15A0743424C32CC600C2B2EB /* libsqlite3.tbd in Frameworks */ = {isa = PBXBuildFile; fileRef = 15A0743324C32CC600C2B2EB /* libsqlite3.tbd */; };
		15A0743524C32CCD00C2B2EB /* moods.db in Resources */ = {isa = PBXBuildFile; fileRef = 15A0743124C32CBA00C2B2EB /* moods.db */; };
		15A0745C24C3672200C2B2EB /* Charts.framework in Frameworks */ = {isa = PBXBuildFile; fileRef = 15A0745124C34FF800C2B2EB /* Charts.framework */; };
		15A0745D24C3672200C2B2EB /* Charts.framework in Embed Frameworks */ = {isa = PBXBuildFile; fileRef = 15A0745124C34FF800C2B2EB /* Charts.framework */; settings = {ATTRIBUTES = (CodeSignOnCopy, RemoveHeadersOnCopy, ); }; };
		15A0745F24C36C2600C2B2EB /* MoodDatabase.swift in Sources */ = {isa = PBXBuildFile; fileRef = 15A0745E24C36C2600C2B2EB /* MoodDatabase.swift */; };
		15A0746124C370EE00C2B2EB /* DetailViewController.swift in Sources */ = {isa = PBXBuildFile; fileRef = 15A0746024C370EE00C2B2EB /* DetailViewController.swift */; };
		92FDAA5524C9510400FD229B /* GeneralDataViewController.swift in Sources */ = {isa = PBXBuildFile; fileRef = 92FDAA5424C9510400FD229B /* GeneralDataViewController.swift */; };
		92FDAA5924C9516700FD229B /* Chart2ViewController.swift in Sources */ = {isa = PBXBuildFile; fileRef = 92FDAA5824C9516700FD229B /* Chart2ViewController.swift */; };
		92FDAA5B24C95BE500FD229B /* EatViewController.swift in Sources */ = {isa = PBXBuildFile; fileRef = 92FDAA5A24C95BE500FD229B /* EatViewController.swift */; };
		92FDAA5D24C95E9100FD229B /* SleepViewController.swift in Sources */ = {isa = PBXBuildFile; fileRef = 92FDAA5C24C95E9000FD229B /* SleepViewController.swift */; };
		92FDAA5F24C95EAD00FD229B /* OutViewController.swift in Sources */ = {isa = PBXBuildFile; fileRef = 92FDAA5E24C95EAD00FD229B /* OutViewController.swift */; };
		92FDAA6124C95EBB00FD229B /* TemperamentViewController.swift in Sources */ = {isa = PBXBuildFile; fileRef = 92FDAA6024C95EBB00FD229B /* TemperamentViewController.swift */; };
		92FDAA6324C95ED200FD229B /* SocialViewController.swift in Sources */ = {isa = PBXBuildFile; fileRef = 92FDAA6224C95ED200FD229B /* SocialViewController.swift */; };
		92FDAA6524C95EE300FD229B /* MotivationViewController.swift in Sources */ = {isa = PBXBuildFile; fileRef = 92FDAA6424C95EE300FD229B /* MotivationViewController.swift */; };
		92FDAA6724C95EF200FD229B /* RelaxViewController.swift in Sources */ = {isa = PBXBuildFile; fileRef = 92FDAA6624C95EF200FD229B /* RelaxViewController.swift */; };
		92FDAA6924CA61B900FD229B /* IntroViewController.swift in Sources */ = {isa = PBXBuildFile; fileRef = 92FDAA6824CA61B900FD229B /* IntroViewController.swift */; };
		92FDAA6B24CB8BF900FD229B /* TabViewController.swift in Sources */ = {isa = PBXBuildFile; fileRef = 92FDAA6A24CB8BF900FD229B /* TabViewController.swift */; };
/* End PBXBuildFile section */

/* Begin PBXContainerItemProxy section */
		15A0745024C34FF800C2B2EB /* PBXContainerItemProxy */ = {
			isa = PBXContainerItemProxy;
			containerPortal = 15A0744B24C34FF800C2B2EB /* Charts.xcodeproj */;
			proxyType = 2;
			remoteGlobalIDString = 65AD9E95D9ED4DC0BD73A743;
			remoteInfo = Charts;
		};
		15A0745224C34FF800C2B2EB /* PBXContainerItemProxy */ = {
			isa = PBXContainerItemProxy;
			containerPortal = 15A0744B24C34FF800C2B2EB /* Charts.xcodeproj */;
			proxyType = 2;
			remoteGlobalIDString = 1CBBC58C6CE1EBEE9852CE41;
			remoteInfo = ChartsTests;
		};
/* End PBXContainerItemProxy section */

/* Begin PBXCopyFilesBuildPhase section */
		15A0744124C34A9D00C2B2EB /* Embed Frameworks */ = {
			isa = PBXCopyFilesBuildPhase;
			buildActionMask = 2147483647;
			dstPath = "";
			dstSubfolderSpec = 10;
			files = (
				15A0745D24C3672200C2B2EB /* Charts.framework in Embed Frameworks */,
			);
			name = "Embed Frameworks";
			runOnlyForDeploymentPostprocessing = 0;
		};
/* End PBXCopyFilesBuildPhase section */

/* Begin PBXFileReference section */
		156840B924C4902B0025A519 /* CloseButton.swift */ = {isa = PBXFileReference; lastKnownFileType = sourcecode.swift; path = CloseButton.swift; sourceTree = "<group>"; };
		156840BA24C4902B0025A519 /* Info.plist */ = {isa = PBXFileReference; lastKnownFileType = text.plist.xml; path = Info.plist; sourceTree = "<group>"; };
		156840BB24C4902B0025A519 /* TagListView.swift */ = {isa = PBXFileReference; lastKnownFileType = sourcecode.swift; path = TagListView.swift; sourceTree = "<group>"; };
		156840BC24C4902B0025A519 /* TagView.swift */ = {isa = PBXFileReference; lastKnownFileType = sourcecode.swift; path = TagView.swift; sourceTree = "<group>"; };
		156840BD24C4902B0025A519 /* TagListView.h */ = {isa = PBXFileReference; lastKnownFileType = sourcecode.c.h; path = TagListView.h; sourceTree = "<group>"; };
		156A76B024CBBEDB00B0717F /* EditViewController.swift */ = {isa = PBXFileReference; lastKnownFileType = sourcecode.swift; path = EditViewController.swift; sourceTree = "<group>"; };
		156A76B124CBBEDB00B0717F /* EditViewController.xib */ = {isa = PBXFileReference; lastKnownFileType = file.xib; path = EditViewController.xib; sourceTree = "<group>"; };
		15A0740724C32C1400C2B2EB /* MoodyBear.app */ = {isa = PBXFileReference; explicitFileType = wrapper.application; includeInIndex = 0; path = MoodyBear.app; sourceTree = BUILT_PRODUCTS_DIR; };
		15A0740A24C32C1400C2B2EB /* AppDelegate.swift */ = {isa = PBXFileReference; lastKnownFileType = sourcecode.swift; path = AppDelegate.swift; sourceTree = "<group>"; };
		15A0740C24C32C1400C2B2EB /* SceneDelegate.swift */ = {isa = PBXFileReference; lastKnownFileType = sourcecode.swift; path = SceneDelegate.swift; sourceTree = "<group>"; };
		15A0740E24C32C1400C2B2EB /* DataEntryController.swift */ = {isa = PBXFileReference; lastKnownFileType = sourcecode.swift; path = DataEntryController.swift; sourceTree = "<group>"; };
		15A0741024C32C1400C2B2EB /* ChartViewController.swift */ = {isa = PBXFileReference; lastKnownFileType = sourcecode.swift; path = ChartViewController.swift; sourceTree = "<group>"; };
		15A0741324C32C1400C2B2EB /* Base */ = {isa = PBXFileReference; lastKnownFileType = file.storyboard; name = Base; path = Base.lproj/Main.storyboard; sourceTree = "<group>"; };
		15A0741524C32C1600C2B2EB /* Assets.xcassets */ = {isa = PBXFileReference; lastKnownFileType = folder.assetcatalog; path = Assets.xcassets; sourceTree = "<group>"; };
		15A0741824C32C1600C2B2EB /* Base */ = {isa = PBXFileReference; lastKnownFileType = file.storyboard; name = Base; path = Base.lproj/LaunchScreen.storyboard; sourceTree = "<group>"; };
		15A0741A24C32C1600C2B2EB /* Info.plist */ = {isa = PBXFileReference; lastKnownFileType = text.plist.xml; path = Info.plist; sourceTree = "<group>"; };
		15A0742024C32CA400C2B2EB /* MoodyBear-Bridging-Header.h */ = {isa = PBXFileReference; lastKnownFileType = sourcecode.c.h; path = "MoodyBear-Bridging-Header.h"; sourceTree = "<group>"; };
		15A0742124C32CA500C2B2EB /* FMDB.h */ = {isa = PBXFileReference; fileEncoding = 4; lastKnownFileType = sourcecode.c.h; path = FMDB.h; sourceTree = "<group>"; };
		15A0742224C32CA500C2B2EB /* FMResultSet.m */ = {isa = PBXFileReference; fileEncoding = 4; lastKnownFileType = sourcecode.c.objc; path = FMResultSet.m; sourceTree = "<group>"; };
		15A0742324C32CA500C2B2EB /* FMDatabaseQueue.h */ = {isa = PBXFileReference; fileEncoding = 4; lastKnownFileType = sourcecode.c.h; path = FMDatabaseQueue.h; sourceTree = "<group>"; };
		15A0742424C32CA500C2B2EB /* FMDatabaseQueue.m */ = {isa = PBXFileReference; fileEncoding = 4; lastKnownFileType = sourcecode.c.objc; path = FMDatabaseQueue.m; sourceTree = "<group>"; };
		15A0742524C32CA500C2B2EB /* FMDatabase.m */ = {isa = PBXFileReference; fileEncoding = 4; lastKnownFileType = sourcecode.c.objc; path = FMDatabase.m; sourceTree = "<group>"; };
		15A0742624C32CA500C2B2EB /* FMResultSet.h */ = {isa = PBXFileReference; fileEncoding = 4; lastKnownFileType = sourcecode.c.h; path = FMResultSet.h; sourceTree = "<group>"; };
		15A0742724C32CA500C2B2EB /* FMDatabasePool.h */ = {isa = PBXFileReference; fileEncoding = 4; lastKnownFileType = sourcecode.c.h; path = FMDatabasePool.h; sourceTree = "<group>"; };
		15A0742824C32CA500C2B2EB /* FMDatabaseAdditions.m */ = {isa = PBXFileReference; fileEncoding = 4; lastKnownFileType = sourcecode.c.objc; path = FMDatabaseAdditions.m; sourceTree = "<group>"; };
		15A0742924C32CA500C2B2EB /* FMDatabasePool.m */ = {isa = PBXFileReference; fileEncoding = 4; lastKnownFileType = sourcecode.c.objc; path = FMDatabasePool.m; sourceTree = "<group>"; };
		15A0742A24C32CA500C2B2EB /* FMDatabaseAdditions.h */ = {isa = PBXFileReference; fileEncoding = 4; lastKnownFileType = sourcecode.c.h; path = FMDatabaseAdditions.h; sourceTree = "<group>"; };
		15A0742B24C32CA500C2B2EB /* FMDatabase.h */ = {isa = PBXFileReference; fileEncoding = 4; lastKnownFileType = sourcecode.c.h; path = FMDatabase.h; sourceTree = "<group>"; };
		15A0743124C32CBA00C2B2EB /* moods.db */ = {isa = PBXFileReference; lastKnownFileType = file; path = moods.db; sourceTree = "<group>"; };
		15A0743324C32CC600C2B2EB /* libsqlite3.tbd */ = {isa = PBXFileReference; lastKnownFileType = "sourcecode.text-based-dylib-definition"; name = libsqlite3.tbd; path = usr/lib/libsqlite3.tbd; sourceTree = SDKROOT; };
		15A0744B24C34FF800C2B2EB /* Charts.xcodeproj */ = {isa = PBXFileReference; lastKnownFileType = "wrapper.pb-project"; name = Charts.xcodeproj; path = "Charts-3.5.0/Charts.xcodeproj"; sourceTree = SOURCE_ROOT; };
		15A0745E24C36C2600C2B2EB /* MoodDatabase.swift */ = {isa = PBXFileReference; lastKnownFileType = sourcecode.swift; path = MoodDatabase.swift; sourceTree = "<group>"; };
		15A0746024C370EE00C2B2EB /* DetailViewController.swift */ = {isa = PBXFileReference; lastKnownFileType = sourcecode.swift; path = DetailViewController.swift; sourceTree = "<group>"; };
		92FDAA5424C9510400FD229B /* GeneralDataViewController.swift */ = {isa = PBXFileReference; lastKnownFileType = sourcecode.swift; path = GeneralDataViewController.swift; sourceTree = "<group>"; };
		92FDAA5824C9516700FD229B /* Chart2ViewController.swift */ = {isa = PBXFileReference; lastKnownFileType = sourcecode.swift; path = Chart2ViewController.swift; sourceTree = "<group>"; };
		92FDAA5A24C95BE500FD229B /* EatViewController.swift */ = {isa = PBXFileReference; lastKnownFileType = sourcecode.swift; path = EatViewController.swift; sourceTree = "<group>"; };
		92FDAA5C24C95E9000FD229B /* SleepViewController.swift */ = {isa = PBXFileReference; lastKnownFileType = sourcecode.swift; path = SleepViewController.swift; sourceTree = "<group>"; };
		92FDAA5E24C95EAD00FD229B /* OutViewController.swift */ = {isa = PBXFileReference; lastKnownFileType = sourcecode.swift; path = OutViewController.swift; sourceTree = "<group>"; };
		92FDAA6024C95EBB00FD229B /* TemperamentViewController.swift */ = {isa = PBXFileReference; lastKnownFileType = sourcecode.swift; path = TemperamentViewController.swift; sourceTree = "<group>"; };
		92FDAA6224C95ED200FD229B /* SocialViewController.swift */ = {isa = PBXFileReference; lastKnownFileType = sourcecode.swift; path = SocialViewController.swift; sourceTree = "<group>"; };
		92FDAA6424C95EE300FD229B /* MotivationViewController.swift */ = {isa = PBXFileReference; lastKnownFileType = sourcecode.swift; path = MotivationViewController.swift; sourceTree = "<group>"; };
		92FDAA6624C95EF200FD229B /* RelaxViewController.swift */ = {isa = PBXFileReference; lastKnownFileType = sourcecode.swift; path = RelaxViewController.swift; sourceTree = "<group>"; };
		92FDAA6824CA61B900FD229B /* IntroViewController.swift */ = {isa = PBXFileReference; lastKnownFileType = sourcecode.swift; path = IntroViewController.swift; sourceTree = "<group>"; };
		92FDAA6A24CB8BF900FD229B /* TabViewController.swift */ = {isa = PBXFileReference; lastKnownFileType = sourcecode.swift; path = TabViewController.swift; sourceTree = "<group>"; };
/* End PBXFileReference section */

/* Begin PBXFrameworksBuildPhase section */
		15A0740424C32C1400C2B2EB /* Frameworks */ = {
			isa = PBXFrameworksBuildPhase;
			buildActionMask = 2147483647;
			files = (
				15A0743424C32CC600C2B2EB /* libsqlite3.tbd in Frameworks */,
				15A0745C24C3672200C2B2EB /* Charts.framework in Frameworks */,
			);
			runOnlyForDeploymentPostprocessing = 0;
		};
/* End PBXFrameworksBuildPhase section */

/* Begin PBXGroup section */
		156840C224C4944F0025A519 /* TagViewLibrary */ = {
			isa = PBXGroup;
			children = (
				156840B924C4902B0025A519 /* CloseButton.swift */,
				156840BA24C4902B0025A519 /* Info.plist */,
				156840BD24C4902B0025A519 /* TagListView.h */,
				156840BB24C4902B0025A519 /* TagListView.swift */,
				156840BC24C4902B0025A519 /* TagView.swift */,
			);
			path = TagViewLibrary;
			sourceTree = "<group>";
		};
		15A073FE24C32C1400C2B2EB = {
			isa = PBXGroup;
			children = (
				15A0740924C32C1400C2B2EB /* MoodyBear */,
				15A0740824C32C1400C2B2EB /* Products */,
				15A0743224C32CC600C2B2EB /* Frameworks */,
			);
			sourceTree = "<group>";
		};
		15A0740824C32C1400C2B2EB /* Products */ = {
			isa = PBXGroup;
			children = (
				15A0740724C32C1400C2B2EB /* MoodyBear.app */,
			);
			name = Products;
			sourceTree = "<group>";
		};
		15A0740924C32C1400C2B2EB /* MoodyBear */ = {
			isa = PBXGroup;
			children = (
				156840C224C4944F0025A519 /* TagViewLibrary */,
				15A0746224C370FF00C2B2EB /* FMDB Files */,
				15A0744B24C34FF800C2B2EB /* Charts.xcodeproj */,
				15A0740A24C32C1400C2B2EB /* AppDelegate.swift */,
				15A0740C24C32C1400C2B2EB /* SceneDelegate.swift */,
				15A0741524C32C1600C2B2EB /* Assets.xcassets */,
				92FDAA6824CA61B900FD229B /* IntroViewController.swift */,
				92FDAA6A24CB8BF900FD229B /* TabViewController.swift */,
				15A0741724C32C1600C2B2EB /* LaunchScreen.storyboard */,
				15A0741A24C32C1600C2B2EB /* Info.plist */,
				15A0742024C32CA400C2B2EB /* MoodyBear-Bridging-Header.h */,
				15A0743124C32CBA00C2B2EB /* moods.db */,
				15A0741224C32C1400C2B2EB /* Main.storyboard */,
				92FDAA5824C9516700FD229B /* Chart2ViewController.swift */,
				15A0745E24C36C2600C2B2EB /* MoodDatabase.swift */,
				15A0741024C32C1400C2B2EB /* ChartViewController.swift */,
				92FDAA5424C9510400FD229B /* GeneralDataViewController.swift */,
				15A0740E24C32C1400C2B2EB /* DataEntryController.swift */,
				92FDAA6224C95ED200FD229B /* SocialViewController.swift */,
				92FDAA6424C95EE300FD229B /* MotivationViewController.swift */,
				92FDAA6624C95EF200FD229B /* RelaxViewController.swift */,
				92FDAA5E24C95EAD00FD229B /* OutViewController.swift */,
				92FDAA6024C95EBB00FD229B /* TemperamentViewController.swift */,
				92FDAA5A24C95BE500FD229B /* EatViewController.swift */,
				92FDAA5C24C95E9000FD229B /* SleepViewController.swift */,
				15A0746024C370EE00C2B2EB /* DetailViewController.swift */,
				156A76B024CBBEDB00B0717F /* EditViewController.swift */,
				156A76B124CBBEDB00B0717F /* EditViewController.xib */,
			);
			path = MoodyBear;
			sourceTree = "<group>";
		};
		15A0743224C32CC600C2B2EB /* Frameworks */ = {
			isa = PBXGroup;
			children = (
				15A0743324C32CC600C2B2EB /* libsqlite3.tbd */,
			);
			name = Frameworks;
			sourceTree = "<group>";
		};
		15A0744C24C34FF800C2B2EB /* Products */ = {
			isa = PBXGroup;
			children = (
				15A0745124C34FF800C2B2EB /* Charts.framework */,
				15A0745324C34FF800C2B2EB /* ChartsTests.xctest */,
			);
			name = Products;
			sourceTree = "<group>";
		};
		15A0746224C370FF00C2B2EB /* FMDB Files */ = {
			isa = PBXGroup;
			children = (
				15A0742B24C32CA500C2B2EB /* FMDatabase.h */,
				15A0742524C32CA500C2B2EB /* FMDatabase.m */,
				15A0742A24C32CA500C2B2EB /* FMDatabaseAdditions.h */,
				15A0742824C32CA500C2B2EB /* FMDatabaseAdditions.m */,
				15A0742724C32CA500C2B2EB /* FMDatabasePool.h */,
				15A0742924C32CA500C2B2EB /* FMDatabasePool.m */,
				15A0742324C32CA500C2B2EB /* FMDatabaseQueue.h */,
				15A0742424C32CA500C2B2EB /* FMDatabaseQueue.m */,
				15A0742124C32CA500C2B2EB /* FMDB.h */,
				15A0742624C32CA500C2B2EB /* FMResultSet.h */,
				15A0742224C32CA500C2B2EB /* FMResultSet.m */,
			);
			path = "FMDB Files";
			sourceTree = "<group>";
		};
/* End PBXGroup section */

/* Begin PBXNativeTarget section */
		15A0740624C32C1400C2B2EB /* MoodyBear */ = {
			isa = PBXNativeTarget;
			buildConfigurationList = 15A0741D24C32C1600C2B2EB /* Build configuration list for PBXNativeTarget "MoodyBear" */;
			buildPhases = (
				15A0740324C32C1400C2B2EB /* Sources */,
				15A0740424C32C1400C2B2EB /* Frameworks */,
				15A0740524C32C1400C2B2EB /* Resources */,
				15A0744124C34A9D00C2B2EB /* Embed Frameworks */,
			);
			buildRules = (
			);
			dependencies = (
			);
			name = MoodyBear;
			productName = MoodyBear;
			productReference = 15A0740724C32C1400C2B2EB /* MoodyBear.app */;
			productType = "com.apple.product-type.application";
		};
/* End PBXNativeTarget section */

/* Begin PBXProject section */
		15A073FF24C32C1400C2B2EB /* Project object */ = {
			isa = PBXProject;
			attributes = {
				LastSwiftUpdateCheck = 1160;
				LastUpgradeCheck = 1160;
				ORGANIZATIONNAME = "Team Moody Bear";
				TargetAttributes = {
					15A0740624C32C1400C2B2EB = {
						CreatedOnToolsVersion = 11.6;
						LastSwiftMigration = 1160;
					};
				};
			};
			buildConfigurationList = 15A0740224C32C1400C2B2EB /* Build configuration list for PBXProject "MoodyBear" */;
			compatibilityVersion = "Xcode 9.3";
			developmentRegion = en;
			hasScannedForEncodings = 0;
			knownRegions = (
				en,
				Base,
			);
			mainGroup = 15A073FE24C32C1400C2B2EB;
			productRefGroup = 15A0740824C32C1400C2B2EB /* Products */;
			projectDirPath = "";
			projectReferences = (
				{
					ProductGroup = 15A0744C24C34FF800C2B2EB /* Products */;
					ProjectRef = 15A0744B24C34FF800C2B2EB /* Charts.xcodeproj */;
				},
			);
			projectRoot = "";
			targets = (
				15A0740624C32C1400C2B2EB /* MoodyBear */,
			);
		};
/* End PBXProject section */

/* Begin PBXReferenceProxy section */
		15A0745124C34FF800C2B2EB /* Charts.framework */ = {
			isa = PBXReferenceProxy;
			fileType = wrapper.framework;
			path = Charts.framework;
			remoteRef = 15A0745024C34FF800C2B2EB /* PBXContainerItemProxy */;
			sourceTree = BUILT_PRODUCTS_DIR;
		};
		15A0745324C34FF800C2B2EB /* ChartsTests.xctest */ = {
			isa = PBXReferenceProxy;
			fileType = wrapper.cfbundle;
			path = ChartsTests.xctest;
			remoteRef = 15A0745224C34FF800C2B2EB /* PBXContainerItemProxy */;
			sourceTree = BUILT_PRODUCTS_DIR;
		};
/* End PBXReferenceProxy section */

/* Begin PBXResourcesBuildPhase section */
		15A0740524C32C1400C2B2EB /* Resources */ = {
			isa = PBXResourcesBuildPhase;
			buildActionMask = 2147483647;
			files = (
				15A0743524C32CCD00C2B2EB /* moods.db in Resources */,
				15A0741924C32C1600C2B2EB /* LaunchScreen.storyboard in Resources */,
				156A76B324CBBEDB00B0717F /* EditViewController.xib in Resources */,
				15A0741624C32C1600C2B2EB /* Assets.xcassets in Resources */,
				15A0741424C32C1400C2B2EB /* Main.storyboard in Resources */,
			);
			runOnlyForDeploymentPostprocessing = 0;
		};
/* End PBXResourcesBuildPhase section */

/* Begin PBXSourcesBuildPhase section */
		15A0740324C32C1400C2B2EB /* Sources */ = {
			isa = PBXSourcesBuildPhase;
			buildActionMask = 2147483647;
			files = (
				156A76B224CBBEDB00B0717F /* EditViewController.swift in Sources */,
				15A0746124C370EE00C2B2EB /* DetailViewController.swift in Sources */,
				15A0741124C32C1400C2B2EB /* ChartViewController.swift in Sources */,
				92FDAA5524C9510400FD229B /* GeneralDataViewController.swift in Sources */,
				92FDAA6724C95EF200FD229B /* RelaxViewController.swift in Sources */,
				92FDAA6124C95EBB00FD229B /* TemperamentViewController.swift in Sources */,
				15A0740F24C32C1400C2B2EB /* DataEntryController.swift in Sources */,
				15A0740B24C32C1400C2B2EB /* AppDelegate.swift in Sources */,
				92FDAA6524C95EE300FD229B /* MotivationViewController.swift in Sources */,
				92FDAA6B24CB8BF900FD229B /* TabViewController.swift in Sources */,
				15A0742E24C32CA500C2B2EB /* FMDatabase.m in Sources */,
				92FDAA5D24C95E9100FD229B /* SleepViewController.swift in Sources */,
				15A0743024C32CA500C2B2EB /* FMDatabasePool.m in Sources */,
				92FDAA6324C95ED200FD229B /* SocialViewController.swift in Sources */,
				156840BE24C4902B0025A519 /* CloseButton.swift in Sources */,
				92FDAA5924C9516700FD229B /* Chart2ViewController.swift in Sources */,
				15A0740D24C32C1400C2B2EB /* SceneDelegate.swift in Sources */,
				92FDAA6924CA61B900FD229B /* IntroViewController.swift in Sources */,
				15A0742C24C32CA500C2B2EB /* FMResultSet.m in Sources */,
				15A0742D24C32CA500C2B2EB /* FMDatabaseQueue.m in Sources */,
				156840BF24C4902B0025A519 /* TagListView.swift in Sources */,
				156840C024C4902B0025A519 /* TagView.swift in Sources */,
				15A0742F24C32CA500C2B2EB /* FMDatabaseAdditions.m in Sources */,
				92FDAA5B24C95BE500FD229B /* EatViewController.swift in Sources */,
				15A0745F24C36C2600C2B2EB /* MoodDatabase.swift in Sources */,
				92FDAA5F24C95EAD00FD229B /* OutViewController.swift in Sources */,
			);
			runOnlyForDeploymentPostprocessing = 0;
		};
/* End PBXSourcesBuildPhase section */

/* Begin PBXVariantGroup section */
		15A0741224C32C1400C2B2EB /* Main.storyboard */ = {
			isa = PBXVariantGroup;
			children = (
				15A0741324C32C1400C2B2EB /* Base */,
			);
			name = Main.storyboard;
			sourceTree = "<group>";
		};
		15A0741724C32C1600C2B2EB /* LaunchScreen.storyboard */ = {
			isa = PBXVariantGroup;
			children = (
				15A0741824C32C1600C2B2EB /* Base */,
			);
			name = LaunchScreen.storyboard;
			sourceTree = "<group>";
		};
/* End PBXVariantGroup section */

/* Begin XCBuildConfiguration section */
		15A0741B24C32C1600C2B2EB /* Debug */ = {
			isa = XCBuildConfiguration;
			buildSettings = {
				ALWAYS_SEARCH_USER_PATHS = NO;
				CLANG_ANALYZER_NONNULL = YES;
				CLANG_ANALYZER_NUMBER_OBJECT_CONVERSION = YES_AGGRESSIVE;
				CLANG_CXX_LANGUAGE_STANDARD = "gnu++14";
				CLANG_CXX_LIBRARY = "libc++";
				CLANG_ENABLE_MODULES = YES;
				CLANG_ENABLE_OBJC_ARC = YES;
				CLANG_ENABLE_OBJC_WEAK = YES;
				CLANG_WARN_BLOCK_CAPTURE_AUTORELEASING = YES;
				CLANG_WARN_BOOL_CONVERSION = YES;
				CLANG_WARN_COMMA = YES;
				CLANG_WARN_CONSTANT_CONVERSION = YES;
				CLANG_WARN_DEPRECATED_OBJC_IMPLEMENTATIONS = YES;
				CLANG_WARN_DIRECT_OBJC_ISA_USAGE = YES_ERROR;
				CLANG_WARN_DOCUMENTATION_COMMENTS = YES;
				CLANG_WARN_EMPTY_BODY = YES;
				CLANG_WARN_ENUM_CONVERSION = YES;
				CLANG_WARN_INFINITE_RECURSION = YES;
				CLANG_WARN_INT_CONVERSION = YES;
				CLANG_WARN_NON_LITERAL_NULL_CONVERSION = YES;
				CLANG_WARN_OBJC_IMPLICIT_RETAIN_SELF = YES;
				CLANG_WARN_OBJC_LITERAL_CONVERSION = YES;
				CLANG_WARN_OBJC_ROOT_CLASS = YES_ERROR;
				CLANG_WARN_RANGE_LOOP_ANALYSIS = YES;
				CLANG_WARN_STRICT_PROTOTYPES = YES;
				CLANG_WARN_SUSPICIOUS_MOVE = YES;
				CLANG_WARN_UNGUARDED_AVAILABILITY = YES_AGGRESSIVE;
				CLANG_WARN_UNREACHABLE_CODE = YES;
				CLANG_WARN__DUPLICATE_METHOD_MATCH = YES;
				COPY_PHASE_STRIP = NO;
				DEBUG_INFORMATION_FORMAT = dwarf;
				ENABLE_STRICT_OBJC_MSGSEND = YES;
				ENABLE_TESTABILITY = YES;
				GCC_C_LANGUAGE_STANDARD = gnu11;
				GCC_DYNAMIC_NO_PIC = NO;
				GCC_NO_COMMON_BLOCKS = YES;
				GCC_OPTIMIZATION_LEVEL = 0;
				GCC_PREPROCESSOR_DEFINITIONS = (
					"DEBUG=1",
					"$(inherited)",
				);
				GCC_WARN_64_TO_32_BIT_CONVERSION = YES;
				GCC_WARN_ABOUT_RETURN_TYPE = YES_ERROR;
				GCC_WARN_UNDECLARED_SELECTOR = YES;
				GCC_WARN_UNINITIALIZED_AUTOS = YES_AGGRESSIVE;
				GCC_WARN_UNUSED_FUNCTION = YES;
				GCC_WARN_UNUSED_VARIABLE = YES;
				IPHONEOS_DEPLOYMENT_TARGET = 13.6;
				MTL_ENABLE_DEBUG_INFO = INCLUDE_SOURCE;
				MTL_FAST_MATH = YES;
				ONLY_ACTIVE_ARCH = YES;
				SDKROOT = iphoneos;
				SWIFT_ACTIVE_COMPILATION_CONDITIONS = DEBUG;
				SWIFT_OPTIMIZATION_LEVEL = "-Onone";
			};
			name = Debug;
		};
		15A0741C24C32C1600C2B2EB /* Release */ = {
			isa = XCBuildConfiguration;
			buildSettings = {
				ALWAYS_SEARCH_USER_PATHS = NO;
				CLANG_ANALYZER_NONNULL = YES;
				CLANG_ANALYZER_NUMBER_OBJECT_CONVERSION = YES_AGGRESSIVE;
				CLANG_CXX_LANGUAGE_STANDARD = "gnu++14";
				CLANG_CXX_LIBRARY = "libc++";
				CLANG_ENABLE_MODULES = YES;
				CLANG_ENABLE_OBJC_ARC = YES;
				CLANG_ENABLE_OBJC_WEAK = YES;
				CLANG_WARN_BLOCK_CAPTURE_AUTORELEASING = YES;
				CLANG_WARN_BOOL_CONVERSION = YES;
				CLANG_WARN_COMMA = YES;
				CLANG_WARN_CONSTANT_CONVERSION = YES;
				CLANG_WARN_DEPRECATED_OBJC_IMPLEMENTATIONS = YES;
				CLANG_WARN_DIRECT_OBJC_ISA_USAGE = YES_ERROR;
				CLANG_WARN_DOCUMENTATION_COMMENTS = YES;
				CLANG_WARN_EMPTY_BODY = YES;
				CLANG_WARN_ENUM_CONVERSION = YES;
				CLANG_WARN_INFINITE_RECURSION = YES;
				CLANG_WARN_INT_CONVERSION = YES;
				CLANG_WARN_NON_LITERAL_NULL_CONVERSION = YES;
				CLANG_WARN_OBJC_IMPLICIT_RETAIN_SELF = YES;
				CLANG_WARN_OBJC_LITERAL_CONVERSION = YES;
				CLANG_WARN_OBJC_ROOT_CLASS = YES_ERROR;
				CLANG_WARN_RANGE_LOOP_ANALYSIS = YES;
				CLANG_WARN_STRICT_PROTOTYPES = YES;
				CLANG_WARN_SUSPICIOUS_MOVE = YES;
				CLANG_WARN_UNGUARDED_AVAILABILITY = YES_AGGRESSIVE;
				CLANG_WARN_UNREACHABLE_CODE = YES;
				CLANG_WARN__DUPLICATE_METHOD_MATCH = YES;
				COPY_PHASE_STRIP = NO;
				DEBUG_INFORMATION_FORMAT = "dwarf-with-dsym";
				ENABLE_NS_ASSERTIONS = NO;
				ENABLE_STRICT_OBJC_MSGSEND = YES;
				GCC_C_LANGUAGE_STANDARD = gnu11;
				GCC_NO_COMMON_BLOCKS = YES;
				GCC_WARN_64_TO_32_BIT_CONVERSION = YES;
				GCC_WARN_ABOUT_RETURN_TYPE = YES_ERROR;
				GCC_WARN_UNDECLARED_SELECTOR = YES;
				GCC_WARN_UNINITIALIZED_AUTOS = YES_AGGRESSIVE;
				GCC_WARN_UNUSED_FUNCTION = YES;
				GCC_WARN_UNUSED_VARIABLE = YES;
				IPHONEOS_DEPLOYMENT_TARGET = 13.6;
				MTL_ENABLE_DEBUG_INFO = NO;
				MTL_FAST_MATH = YES;
				SDKROOT = iphoneos;
				SWIFT_COMPILATION_MODE = wholemodule;
				SWIFT_OPTIMIZATION_LEVEL = "-O";
				VALIDATE_PRODUCT = YES;
			};
			name = Release;
		};
		15A0741E24C32C1600C2B2EB /* Debug */ = {
			isa = XCBuildConfiguration;
			buildSettings = {
				ASSETCATALOG_COMPILER_APPICON_NAME = AppIcon;
				CLANG_ENABLE_MODULES = YES;
				CODE_SIGN_STYLE = Automatic;
				DEVELOPMENT_TEAM = 2EP8JFX8SL;
				INFOPLIST_FILE = MoodyBear/Info.plist;
				IPHONEOS_DEPLOYMENT_TARGET = 13.5;
				LD_RUNPATH_SEARCH_PATHS = (
					"$(inherited)",
					"@executable_path/Frameworks",
				);
				PRODUCT_BUNDLE_IDENTIFIER = com.moodybear.wustl.edu.MoodyBear;
				PRODUCT_NAME = "$(TARGET_NAME)";
				SWIFT_OBJC_BRIDGING_HEADER = "MoodyBear/MoodyBear-Bridging-Header.h";
				SWIFT_OPTIMIZATION_LEVEL = "-Onone";
				SWIFT_VERSION = 5.0;
				TARGETED_DEVICE_FAMILY = "1,2";
			};
			name = Debug;
		};
		15A0741F24C32C1600C2B2EB /* Release */ = {
			isa = XCBuildConfiguration;
			buildSettings = {
				ASSETCATALOG_COMPILER_APPICON_NAME = AppIcon;
				CLANG_ENABLE_MODULES = YES;
				CODE_SIGN_STYLE = Automatic;
				DEVELOPMENT_TEAM = 2EP8JFX8SL;
				INFOPLIST_FILE = MoodyBear/Info.plist;
				IPHONEOS_DEPLOYMENT_TARGET = 13.5;
				LD_RUNPATH_SEARCH_PATHS = (
					"$(inherited)",
					"@executable_path/Frameworks",
				);
				PRODUCT_BUNDLE_IDENTIFIER = com.moodybear.wustl.edu.MoodyBear;
				PRODUCT_NAME = "$(TARGET_NAME)";
				SWIFT_OBJC_BRIDGING_HEADER = "MoodyBear/MoodyBear-Bridging-Header.h";
				SWIFT_VERSION = 5.0;
				TARGETED_DEVICE_FAMILY = "1,2";
			};
			name = Release;
		};
/* End XCBuildConfiguration section */

/* Begin XCConfigurationList section */
		15A0740224C32C1400C2B2EB /* Build configuration list for PBXProject "MoodyBear" */ = {
			isa = XCConfigurationList;
			buildConfigurations = (
				15A0741B24C32C1600C2B2EB /* Debug */,
				15A0741C24C32C1600C2B2EB /* Release */,
			);
			defaultConfigurationIsVisible = 0;
			defaultConfigurationName = Release;
		};
		15A0741D24C32C1600C2B2EB /* Build configuration list for PBXNativeTarget "MoodyBear" */ = {
			isa = XCConfigurationList;
			buildConfigurations = (
				15A0741E24C32C1600C2B2EB /* Debug */,
				15A0741F24C32C1600C2B2EB /* Release */,
			);
			defaultConfigurationIsVisible = 0;
			defaultConfigurationName = Release;
		};
/* End XCConfigurationList section */
	};
	rootObject = 15A073FF24C32C1400C2B2EB /* Project object */;
}
